
Microsoft Visual Studio Solution File, Format Version 12.00
# Visual Studio Version 16
VisualStudioVersion = 16.0.31911.196
MinimumVisualStudioVersion = 10.0.40219.1
Project("{FAE04EC0-301F-11D3-BF4B-00C04F79EFBC}") = "SupermarketManagementSystemWebApp", "SupermarketManagementSystemWebApp\SupermarketManagementSystemWebApp.csproj", "{F41A8629-6537-4461-93EF-ED00A500A7A0}"
EndProject
Project("{FAE04EC0-301F-11D3-BF4B-00C04F79EFBC}") = "UseCases", "UseCases\UseCases.csproj", "{758174C4-3895-472F-9497-C14BAF737184}"
EndProject
Project("{FAE04EC0-301F-11D3-BF4B-00C04F79EFBC}") = "CoreBusiness", "CoreBusiness\CoreBusiness.csproj", "{565C3887-FE3A-4168-A7DF-B12BEEF2A0BD}"
EndProject
Project("{FAE04EC0-301F-11D3-BF4B-00C04F79EFBC}") = "Plugins.DataStore.InMemory", "Plugins.DataStore.InMemory\Plugins.DataStore.InMemory.csproj", "{080EF383-195B-41EA-A108-88C9E5A36A98}"
EndProject
Global
	GlobalSection(SolutionConfigurationPlatforms) = preSolution
		Debug|Any CPU = Debug|Any CPU
		Release|Any CPU = Release|Any CPU
	EndGlobalSection
	GlobalSection(ProjectConfigurationPlatforms) = postSolution
		{F41A8629-6537-4461-93EF-ED00A500A7A0}.Debug|Any CPU.ActiveCfg = Debug|Any CPU
		{F41A8629-6537-4461-93EF-ED00A500A7A0}.Debug|Any CPU.Build.0 = Debug|Any CPU
		{F41A8629-6537-4461-93EF-ED00A500A7A0}.Release|Any CPU.ActiveCfg = Release|Any CPU
		{F41A8629-6537-4461-93EF-ED00A500A7A0}.Release|Any CPU.Build.0 = Release|Any CPU
		{758174C4-3895-472F-9497-C14BAF737184}.Debug|Any CPU.ActiveCfg = Debug|Any CPU
		{758174C4-3895-472F-9497-C14BAF737184}.Debug|Any CPU.Build.0 = Debug|Any CPU
		{758174C4-3895-472F-9497-C14BAF737184}.Release|Any CPU.ActiveCfg = Release|Any CPU
		{758174C4-3895-472F-9497-C14BAF737184}.Release|Any CPU.Build.0 = Release|Any CPU
		{565C3887-FE3A-4168-A7DF-B12BEEF2A0BD}.Debug|Any CPU.ActiveCfg = Debug|Any CPU
		{565C3887-FE3A-4168-A7DF-B12BEEF2A0BD}.Debug|Any CPU.Build.0 = Debug|Any CPU
		{565C3887-FE3A-4168-A7DF-B12BEEF2A0BD}.Release|Any CPU.ActiveCfg = Release|Any CPU
		{565C3887-FE3A-4168-A7DF-B12BEEF2A0BD}.Release|Any CPU.Build.0 = Release|Any CPU
		{080EF383-195B-41EA-A108-88C9E5A36A98}.Debug|Any CPU.ActiveCfg = Debug|Any CPU
		{080EF383-195B-41EA-A108-88C9E5A36A98}.Debug|Any CPU.Build.0 = Debug|Any CPU
		{080EF383-195B-41EA-A108-88C9E5A36A98}.Release|Any CPU.ActiveCfg = Release|Any CPU
		{080EF383-195B-41EA-A108-88C9E5A36A98}.Release|Any CPU.Build.0 = Release|Any CPU
	EndGlobalSection
	GlobalSection(SolutionProperties) = preSolution
		HideSolutionNode = FALSE
	EndGlobalSection
	GlobalSection(ExtensibilityGlobals) = postSolution
		SolutionGuid = {540503AF-E9A3-493C-8434-E50264D81168}
	EndGlobalSection
EndGlobal
